// !$*UTF8*$!
{
	archiveVersion = 1;
	classes = {
	};
	objectVersion = 50;
	objects = {

/* Begin PBXBuildFile section */
		18C566472498DB3A00B6F387 /* AppDelegate.swift in Sources */ = {isa = PBXBuildFile; fileRef = 18C566462498DB3A00B6F387 /* AppDelegate.swift */; };
		18C566492498DB3A00B6F387 /* ViewController.swift in Sources */ = {isa = PBXBuildFile; fileRef = 18C566482498DB3A00B6F387 /* ViewController.swift */; };
		18C5664C2498DB3A00B6F387 /* Main.storyboard in Resources */ = {isa = PBXBuildFile; fileRef = 18C5664A2498DB3A00B6F387 /* Main.storyboard */; };
		18C5664E2498DB3C00B6F387 /* Assets.xcassets in Resources */ = {isa = PBXBuildFile; fileRef = 18C5664D2498DB3C00B6F387 /* Assets.xcassets */; };
		18C566512498DB3C00B6F387 /* LaunchScreen.storyboard in Resources */ = {isa = PBXBuildFile; fileRef = 18C5664F2498DB3C00B6F387 /* LaunchScreen.storyboard */; };
		18C566592498DE4200B6F387 /* FunctionalViewController.swift in Sources */ = {isa = PBXBuildFile; fileRef = 18C566582498DE4200B6F387 /* FunctionalViewController.swift */; };
/* End PBXBuildFile section */

/* Begin PBXFileReference section */
		18C566432498DB3A00B6F387 /* WizPanda.app */ = {isa = PBXFileReference; explicitFileType = wrapper.application; includeInIndex = 0; path = WizPanda.app; sourceTree = BUILT_PRODUCTS_DIR; };
		18C566462498DB3A00B6F387 /* AppDelegate.swift */ = {isa = PBXFileReference; lastKnownFileType = sourcecode.swift; path = AppDelegate.swift; sourceTree = "<group>"; };
		18C566482498DB3A00B6F387 /* ViewController.swift */ = {isa = PBXFileReference; lastKnownFileType = sourcecode.swift; path = ViewController.swift; sourceTree = "<group>"; };
		18C5664B2498DB3A00B6F387 /* Base */ = {isa = PBXFileReference; lastKnownFileType = file.storyboard; name = Base; path = Base.lproj/Main.storyboard; sourceTree = "<group>"; };
		18C5664D2498DB3C00B6F387 /* Assets.xcassets */ = {isa = PBXFileReference; lastKnownFileType = folder.assetcatalog; path = Assets.xcassets; sourceTree = "<group>"; };
		18C566502498DB3C00B6F387 /* Base */ = {isa = PBXFileReference; lastKnownFileType = file.storyboard; name = Base; path = Base.lproj/LaunchScreen.storyboard; sourceTree = "<group>"; };
		18C566522498DB3C00B6F387 /* Info.plist */ = {isa = PBXFileReference; lastKnownFileType = text.plist.xml; path = Info.plist; sourceTree = "<group>"; };
		18C566582498DE4200B6F387 /* FunctionalViewController.swift */ = {isa = PBXFileReference; lastKnownFileType = sourcecode.swift; path = FunctionalViewController.swift; sourceTree = "<group>"; };
/* End PBXFileReference section */

/* Begin PBXFrameworksBuildPhase section */
		18C566402498DB3A00B6F387 /* Frameworks */ = {
			isa = PBXFrameworksBuildPhase;
			buildActionMask = 2147483647;
			files = (
			);
			runOnlyForDeploymentPostprocessing = 0;
		};
/* End PBXFrameworksBuildPhase section */

/* Begin PBXGroup section */
		18C5663A2498DB3A00B6F387 = {
			isa = PBXGroup;
			children = (
				18C566452498DB3A00B6F387 /* WizPanda */,
				18C566442498DB3A00B6F387 /* Products */,
			);
			sourceTree = "<group>";
		};
		18C566442498DB3A00B6F387 /* Products */ = {
			isa = PBXGroup;
			children = (
				18C566432498DB3A00B6F387 /* WizPanda.app */,
			);
			name = Products;
			sourceTree = "<group>";
		};
		18C566452498DB3A00B6F387 /* WizPanda */ = {
			isa = PBXGroup;
			children = (
				18C566462498DB3A00B6F387 /* AppDelegate.swift */,
				18C566482498DB3A00B6F387 /* ViewController.swift */,
				18C566582498DE4200B6F387 /* FunctionalViewController.swift */,
				18C5664A2498DB3A00B6F387 /* Main.storyboard */,
				18C5664D2498DB3C00B6F387 /* Assets.xcassets */,
				18C5664F2498DB3C00B6F387 /* LaunchScreen.storyboard */,
				18C566522498DB3C00B6F387 /* Info.plist */,
			);
			path = WizPanda;
			sourceTree = "<group>";
		};
/* End PBXGroup section */

/* Begin PBXNativeTarget section */
		18C566422498DB3A00B6F387 /* WizPanda */ = {
			isa = PBXNativeTarget;
			buildConfigurationList = 18C566552498DB3C00B6F387 /* Build configuration list for PBXNativeTarget "WizPanda" */;
			buildPhases = (
				18C5663F2498DB3A00B6F387 /* Sources */,
				18C566402498DB3A00B6F387 /* Frameworks */,
				18C566412498DB3A00B6F387 /* Resources */,
			);
			buildRules = (
			);
			dependencies = (
			);
			name = WizPanda;
			productName = WizPanda;
			productReference = 18C566432498DB3A00B6F387 /* WizPanda.app */;
			productType = "com.apple.product-type.application";
		};
/* End PBXNativeTarget section */

/* Begin PBXProject section */
		18C5663B2498DB3A00B6F387 /* Project object */ = {
			isa = PBXProject;
			attributes = {
				LastSwiftUpdateCheck = 1020;
				LastUpgradeCheck = 1020;
				ORGANIZATIONNAME = "VT Solution";
				TargetAttributes = {
					18C566422498DB3A00B6F387 = {
						CreatedOnToolsVersion = 10.2.1;
					};
				};
			};
			buildConfigurationList = 18C5663E2498DB3A00B6F387 /* Build configuration list for PBXProject "WizPanda" */;
			compatibilityVersion = "Xcode 9.3";
			developmentRegion = en;
			hasScannedForEncodings = 0;
			knownRegions = (
				en,
				Base,
			);
			mainGroup = 18C5663A2498DB3A00B6F387;
			productRefGroup = 18C566442498DB3A00B6F387 /* Products */;
			projectDirPath = "";
			projectRoot = "";
			targets = (
				18C566422498DB3A00B6F387 /* WizPanda */,
			);
		};
/* End PBXProject section */

/* Begin PBXResourcesBuildPhase section */
		18C566412498DB3A00B6F387 /* Resources */ = {
			isa = PBXResourcesBuildPhase;
			buildActionMask = 2147483647;
			files = (
				18C566512498DB3C00B6F387 /* LaunchScreen.storyboard in Resources */,
				18C5664E2498DB3C00B6F387 /* Assets.xcassets in Resources */,
				18C5664C2498DB3A00B6F387 /* Main.storyboard in Resources */,
			);
			runOnlyForDeploymentPostprocessing = 0;
		};
/* End PBXResourcesBuildPhase section */

/* Begin PBXSourcesBuildPhase section */
		18C5663F2498DB3A00B6F387 /* Sources */ = {
			isa = PBXSourcesBuildPhase;
			buildActionMask = 2147483647;
			files = (
				18C566492498DB3A00B6F387 /* ViewController.swift in Sources */,
				18C566472498DB3A00B6F387 /* AppDelegate.swift in Sources */,
				18C566592498DE4200B6F387 /* FunctionalViewController.swift in Sources */,
			);
			runOnlyForDeploymentPostprocessing = 0;
		};
/* End PBXSourcesBuildPhase section */

/* Begin PBXVariantGroup section */
		18C5664A2498DB3A00B6F387 /* Main.storyboard */ = {
			isa = PBXVariantGroup;
			children = (
				18C5664B2498DB3A00B6F387 /* Base */,
			);
			name = Main.storyboard;
			sourceTree = "<group>";
		};
		18C5664F2498DB3C00B6F387 /* LaunchScreen.storyboard */ = {
			isa = PBXVariantGroup;
			children = (
				18C566502498DB3C00B6F387 /* Base */,
			);
			name = LaunchScreen.storyboard;
			sourceTree = "<group>";
		};
/* End PBXVariantGroup section */

/* Begin XCBuildConfiguration section */
		18C566532498DB3C00B6F387 /* Debug */ = {
			isa = XCBuildConfiguration;
			buildSettings = {
				ALWAYS_SEARCH_USER_PATHS = NO;
				CLANG_ANALYZER_NONNULL = YES;
				CLANG_ANALYZER_NUMBER_OBJECT_CONVERSION = YES_AGGRESSIVE;
				CLANG_CXX_LANGUAGE_STANDARD = "gnu++14";
				CLANG_CXX_LIBRARY = "libc++";
				CLANG_ENABLE_MODULES = YES;
				CLANG_ENABLE_OBJC_ARC = YES;
				CLANG_ENABLE_OBJC_WEAK = YES;
				CLANG_WARN_BLOCK_CAPTURE_AUTORELEASING = YES;
				CLANG_WARN_BOOL_CONVERSION = YES;
				CLANG_WARN_COMMA = YES;
				CLANG_WARN_CONSTANT_CONVERSION = YES;
				CLANG_WARN_DEPRECATED_OBJC_IMPLEMENTATIONS = YES;
				CLANG_WARN_DIRECT_OBJC_ISA_USAGE = YES_ERROR;
				CLANG_WARN_DOCUMENTATION_COMMENTS = YES;
				CLANG_WARN_EMPTY_BODY = YES;
				CLANG_WARN_ENUM_CONVERSION = YES;
				CLANG_WARN_INFINITE_RECURSION = YES;
				CLANG_WARN_INT_CONVERSION = YES;
				CLANG_WARN_NON_LITERAL_NULL_CONVERSION = YES;
				CLANG_WARN_OBJC_IMPLICIT_RETAIN_SELF = YES;
				CLANG_WARN_OBJC_LITERAL_CONVERSION = YES;
				CLANG_WARN_OBJC_ROOT_CLASS = YES_ERROR;
				CLANG_WARN_RANGE_LOOP_ANALYSIS = YES;
				CLANG_WARN_STRICT_PROTOTYPES = YES;
				CLANG_WARN_SUSPICIOUS_MOVE = YES;
				CLANG_WARN_UNGUARDED_AVAILABILITY = YES_AGGRESSIVE;
				CLANG_WARN_UNREACHABLE_CODE = YES;
				CLANG_WARN__DUPLICATE_METHOD_MATCH = YES;
				CODE_SIGN_IDENTITY = "iPhone Developer";
				COPY_PHASE_STRIP = NO;
				DEBUG_INFORMATION_FORMAT = dwarf;
				ENABLE_STRICT_OBJC_MSGSEND = YES;
				ENABLE_TESTABILITY = YES;
				GCC_C_LANGUAGE_STANDARD = gnu11;
				GCC_DYNAMIC_NO_PIC = NO;
				GCC_NO_COMMON_BLOCKS = YES;
				GCC_OPTIMIZATION_LEVEL = 0;
				GCC_PREPROCESSOR_DEFINITIONS = (
					"DEBUG=1",
					"$(inherited)",
				);
				GCC_WARN_64_TO_32_BIT_CONVERSION = YES;
				GCC_WARN_ABOUT_RETURN_TYPE = YES_ERROR;
				GCC_WARN_UNDECLARED_SELECTOR = YES;
				GCC_WARN_UNINITIALIZED_AUTOS = YES_AGGRESSIVE;
				GCC_WARN_UNUSED_FUNCTION = YES;
				GCC_WARN_UNUSED_VARIABLE = YES;
				IPHONEOS_DEPLOYMENT_TARGET = 12.2;
				MTL_ENABLE_DEBUG_INFO = INCLUDE_SOURCE;
				MTL_FAST_MATH = YES;
				ONLY_ACTIVE_ARCH = YES;
				SDKROOT = iphoneos;
				SWIFT_ACTIVE_COMPILATION_CONDITIONS = DEBUG;
				SWIFT_OPTIMIZATION_LEVEL = "-Onone";
			};
			name = Debug;
		};
		18C566542498DB3C00B6F387 /* Release */ = {
			isa = XCBuildConfiguration;
			buildSettings = {
				ALWAYS_SEARCH_USER_PATHS = NO;
				CLANG_ANALYZER_NONNULL = YES;
				CLANG_ANALYZER_NUMBER_OBJECT_CONVERSION = YES_AGGRESSIVE;
				CLANG_CXX_LANGUAGE_STANDARD = "gnu++14";
				CLANG_CXX_LIBRARY = "libc++";
				CLANG_ENABLE_MODULES = YES;
				CLANG_ENABLE_OBJC_ARC = YES;
				CLANG_ENABLE_OBJC_WEAK = YES;
				CLANG_WARN_BLOCK_CAPTURE_AUTORELEASING = YES;
				CLANG_WARN_BOOL_CONVERSION = YES;
				CLANG_WARN_COMMA = YES;
				CLANG_WARN_CONSTANT_CONVERSION = YES;
				CLANG_WARN_DEPRECATED_OBJC_IMPLEMENTATIONS = YES;
				CLANG_WARN_DIRECT_OBJC_ISA_USAGE = YES_ERROR;
				CLANG_WARN_DOCUMENTATION_COMMENTS = YES;
				CLANG_WARN_EMPTY_BODY = YES;
				CLANG_WARN_ENUM_CONVERSION = YES;
				CLANG_WARN_INFINITE_RECURSION = YES;
				CLANG_WARN_INT_CONVERSION = YES;
				CLANG_WARN_NON_LITERAL_NULL_CONVERSION = YES;
				CLANG_WARN_OBJC_IMPLICIT_RETAIN_SELF = YES;
				CLANG_WARN_OBJC_LITERAL_CONVERSION = YES;
				CLANG_WARN_OBJC_ROOT_CLASS = YES_ERROR;
				CLANG_WARN_RANGE_LOOP_ANALYSIS = YES;
				CLANG_WARN_STRICT_PROTOTYPES = YES;
				CLANG_WARN_SUSPICIOUS_MOVE = YES;
				CLANG_WARN_UNGUARDED_AVAILABILITY = YES_AGGRESSIVE;
				CLANG_WARN_UNREACHABLE_CODE = YES;
				CLANG_WARN__DUPLICATE_METHOD_MATCH = YES;
				CODE_SIGN_IDENTITY = "iPhone Developer";
				COPY_PHASE_STRIP = NO;
				DEBUG_INFORMATION_FORMAT = "dwarf-with-dsym";
				ENABLE_NS_ASSERTIONS = NO;
				ENABLE_STRICT_OBJC_MSGSEND = YES;
				GCC_C_LANGUAGE_STANDARD = gnu11;
				GCC_NO_COMMON_BLOCKS = YES;
				GCC_WARN_64_TO_32_BIT_CONVERSION = YES;
				GCC_WARN_ABOUT_RETURN_TYPE = YES_ERROR;
				GCC_WARN_UNDECLARED_SELECTOR = YES;
				GCC_WARN_UNINITIALIZED_AUTOS = YES_AGGRESSIVE;
				GCC_WARN_UNUSED_FUNCTION = YES;
				GCC_WARN_UNUSED_VARIABLE = YES;
				IPHONEOS_DEPLOYMENT_TARGET = 12.2;
				MTL_ENABLE_DEBUG_INFO = NO;
				MTL_FAST_MATH = YES;
				SDKROOT = iphoneos;
				SWIFT_COMPILATION_MODE = wholemodule;
				SWIFT_OPTIMIZATION_LEVEL = "-O";
				VALIDATE_PRODUCT = YES;
			};
			name = Release;
		};
		18C566562498DB3C00B6F387 /* Debug */ = {
			isa = XCBuildConfiguration;
			buildSettings = {
				ASSETCATALOG_COMPILER_APPICON_NAME = AppIcon;
				CODE_SIGN_STYLE = Automatic;
				INFOPLIST_FILE = WizPanda/Info.plist;
				IPHONEOS_DEPLOYMENT_TARGET = 11.4;
				LD_RUNPATH_SEARCH_PATHS = (
					"$(inherited)",
					"@executable_path/Frameworks",
				);
				PRODUCT_BUNDLE_IDENTIFIER = com.vt.wizSolution.WizPanda;
				PRODUCT_NAME = "$(TARGET_NAME)";
				SWIFT_VERSION = 5.0;
				TARGETED_DEVICE_FAMILY = "1,2";
			};
			name = Debug;
		};
		18C566572498DB3C00B6F387 /* Release */ = {
			isa = XCBuildConfiguration;
			buildSettings = {
				ASSETCATALOG_COMPILER_APPICON_NAME = AppIcon;
				CODE_SIGN_STYLE = Automatic;
				INFOPLIST_FILE = WizPanda/Info.plist;
				IPHONEOS_DEPLOYMENT_TARGET = 11.4;
				LD_RUNPATH_SEARCH_PATHS = (
					"$(inherited)",
					"@executable_path/Frameworks",
				);
				PRODUCT_BUNDLE_IDENTIFIER = com.vt.wizSolution.WizPanda;
				PRODUCT_NAME = "$(TARGET_NAME)";
				SWIFT_VERSION = 5.0;
				TARGETED_DEVICE_FAMILY = "1,2";
			};
			name = Release;
		};
/* End XCBuildConfiguration section */

/* Begin XCConfigurationList section */
		18C5663E2498DB3A00B6F387 /* Build configuration list for PBXProject "WizPanda" */ = {
			isa = XCConfigurationList;
			buildConfigurations = (
				18C566532498DB3C00B6F387 /* Debug */,
				18C566542498DB3C00B6F387 /* Release */,
			);
			defaultConfigurationIsVisible = 0;
			defaultConfigurationName = Release;
		};
		18C566552498DB3C00B6F387 /* Build configuration list for PBXNativeTarget "WizPanda" */ = {
			isa = XCConfigurationList;
			buildConfigurations = (
				18C566562498DB3C00B6F387 /* Debug */,
				18C566572498DB3C00B6F387 /* Release */,
			);
			defaultConfigurationIsVisible = 0;
			defaultConfigurationName = Release;
		};
/* End XCConfigurationList section */
	};
	rootObject = 18C5663B2498DB3A00B6F387 /* Project object */;
}
